// !$*UTF8*$!
{
	archiveVersion = 1;
	classes = {
	};
	objectVersion = 46;
	objects = {

/* Begin PBXBuildFile section */
		0BA9759B1CC73FEC00E5FBD8 /* AppDelegate.swift in Sources */ = {isa = PBXBuildFile; fileRef = 0BA9759A1CC73FEC00E5FBD8 /* AppDelegate.swift */; };
		0BA9759D1CC73FEC00E5FBD8 /* ViewController.swift in Sources */ = {isa = PBXBuildFile; fileRef = 0BA9759C1CC73FEC00E5FBD8 /* ViewController.swift */; };
		0BA975A01CC73FEC00E5FBD8 /* Main.storyboard in Resources */ = {isa = PBXBuildFile; fileRef = 0BA9759E1CC73FEC00E5FBD8 /* Main.storyboard */; };
		0BA975A21CC73FEC00E5FBD8 /* Assets.xcassets in Resources */ = {isa = PBXBuildFile; fileRef = 0BA975A11CC73FEC00E5FBD8 /* Assets.xcassets */; };
		0BA975A51CC73FEC00E5FBD8 /* LaunchScreen.storyboard in Resources */ = {isa = PBXBuildFile; fileRef = 0BA975A31CC73FEC00E5FBD8 /* LaunchScreen.storyboard */; };
		0BA975B01CC73FEC00E5FBD8 /* timesTablesTests.swift in Sources */ = {isa = PBXBuildFile; fileRef = 0BA975AF1CC73FEC00E5FBD8 /* timesTablesTests.swift */; };
		0BA975BB1CC73FEC00E5FBD8 /* timesTablesUITests.swift in Sources */ = {isa = PBXBuildFile; fileRef = 0BA975BA1CC73FEC00E5FBD8 /* timesTablesUITests.swift */; };
/* End PBXBuildFile section */

/* Begin PBXContainerItemProxy section */
		0BA975AC1CC73FEC00E5FBD8 /* PBXContainerItemProxy */ = {
			isa = PBXContainerItemProxy;
			containerPortal = 0BA9758F1CC73FEC00E5FBD8 /* Project object */;
			proxyType = 1;
			remoteGlobalIDString = 0BA975961CC73FEC00E5FBD8;
			remoteInfo = timesTables;
		};
		0BA975B71CC73FEC00E5FBD8 /* PBXContainerItemProxy */ = {
			isa = PBXContainerItemProxy;
			containerPortal = 0BA9758F1CC73FEC00E5FBD8 /* Project object */;
			proxyType = 1;
			remoteGlobalIDString = 0BA975961CC73FEC00E5FBD8;
			remoteInfo = timesTables;
		};
/* End PBXContainerItemProxy section */

/* Begin PBXFileReference section */
		0BA975971CC73FEC00E5FBD8 /* timesTables.app */ = {isa = PBXFileReference; explicitFileType = wrapper.application; includeInIndex = 0; path = timesTables.app; sourceTree = BUILT_PRODUCTS_DIR; };
		0BA9759A1CC73FEC00E5FBD8 /* AppDelegate.swift */ = {isa = PBXFileReference; lastKnownFileType = sourcecode.swift; path = AppDelegate.swift; sourceTree = "<group>"; };
		0BA9759C1CC73FEC00E5FBD8 /* ViewController.swift */ = {isa = PBXFileReference; lastKnownFileType = sourcecode.swift; path = ViewController.swift; sourceTree = "<group>"; };
		0BA9759F1CC73FEC00E5FBD8 /* Base */ = {isa = PBXFileReference; lastKnownFileType = file.storyboard; name = Base; path = Base.lproj/Main.storyboard; sourceTree = "<group>"; };
		0BA975A11CC73FEC00E5FBD8 /* Assets.xcassets */ = {isa = PBXFileReference; lastKnownFileType = folder.assetcatalog; path = Assets.xcassets; sourceTree = "<group>"; };
		0BA975A41CC73FEC00E5FBD8 /* Base */ = {isa = PBXFileReference; lastKnownFileType = file.storyboard; name = Base; path = Base.lproj/LaunchScreen.storyboard; sourceTree = "<group>"; };
		0BA975A61CC73FEC00E5FBD8 /* Info.plist */ = {isa = PBXFileReference; lastKnownFileType = text.plist.xml; path = Info.plist; sourceTree = "<group>"; };
		0BA975AB1CC73FEC00E5FBD8 /* timesTablesTests.xctest */ = {isa = PBXFileReference; explicitFileType = wrapper.cfbundle; includeInIndex = 0; path = timesTablesTests.xctest; sourceTree = BUILT_PRODUCTS_DIR; };
		0BA975AF1CC73FEC00E5FBD8 /* timesTablesTests.swift */ = {isa = PBXFileReference; lastKnownFileType = sourcecode.swift; path = timesTablesTests.swift; sourceTree = "<group>"; };
		0BA975B11CC73FEC00E5FBD8 /* Info.plist */ = {isa = PBXFileReference; lastKnownFileType = text.plist.xml; path = Info.plist; sourceTree = "<group>"; };
		0BA975B61CC73FEC00E5FBD8 /* timesTablesUITests.xctest */ = {isa = PBXFileReference; explicitFileType = wrapper.cfbundle; includeInIndex = 0; path = timesTablesUITests.xctest; sourceTree = BUILT_PRODUCTS_DIR; };
		0BA975BA1CC73FEC00E5FBD8 /* timesTablesUITests.swift */ = {isa = PBXFileReference; lastKnownFileType = sourcecode.swift; path = timesTablesUITests.swift; sourceTree = "<group>"; };
		0BA975BC1CC73FEC00E5FBD8 /* Info.plist */ = {isa = PBXFileReference; lastKnownFileType = text.plist.xml; path = Info.plist; sourceTree = "<group>"; };
/* End PBXFileReference section */

/* Begin PBXFrameworksBuildPhase section */
		0BA975941CC73FEC00E5FBD8 /* Frameworks */ = {
			isa = PBXFrameworksBuildPhase;
			buildActionMask = 2147483647;
			files = (
			);
			runOnlyForDeploymentPostprocessing = 0;
		};
		0BA975A81CC73FEC00E5FBD8 /* Frameworks */ = {
			isa = PBXFrameworksBuildPhase;
			buildActionMask = 2147483647;
			files = (
			);
			runOnlyForDeploymentPostprocessing = 0;
		};
		0BA975B31CC73FEC00E5FBD8 /* Frameworks */ = {
			isa = PBXFrameworksBuildPhase;
			buildActionMask = 2147483647;
			files = (
			);
			runOnlyForDeploymentPostprocessing = 0;
		};
/* End PBXFrameworksBuildPhase section */

/* Begin PBXGroup section */
		0BA9758E1CC73FEC00E5FBD8 = {
			isa = PBXGroup;
			children = (
				0BA975991CC73FEC00E5FBD8 /* timesTables */,
				0BA975AE1CC73FEC00E5FBD8 /* timesTablesTests */,
				0BA975B91CC73FEC00E5FBD8 /* timesTablesUITests */,
				0BA975981CC73FEC00E5FBD8 /* Products */,
			);
			sourceTree = "<group>";
		};
		0BA975981CC73FEC00E5FBD8 /* Products */ = {
			isa = PBXGroup;
			children = (
				0BA975971CC73FEC00E5FBD8 /* timesTables.app */,
				0BA975AB1CC73FEC00E5FBD8 /* timesTablesTests.xctest */,
				0BA975B61CC73FEC00E5FBD8 /* timesTablesUITests.xctest */,
			);
			name = Products;
			sourceTree = "<group>";
		};
		0BA975991CC73FEC00E5FBD8 /* timesTables */ = {
			isa = PBXGroup;
			children = (
				0BA9759A1CC73FEC00E5FBD8 /* AppDelegate.swift */,
				0BA9759C1CC73FEC00E5FBD8 /* ViewController.swift */,
				0BA9759E1CC73FEC00E5FBD8 /* Main.storyboard */,
				0BA975A11CC73FEC00E5FBD8 /* Assets.xcassets */,
				0BA975A31CC73FEC00E5FBD8 /* LaunchScreen.storyboard */,
				0BA975A61CC73FEC00E5FBD8 /* Info.plist */,
			);
			path = timesTables;
			sourceTree = "<group>";
		};
		0BA975AE1CC73FEC00E5FBD8 /* timesTablesTests */ = {
			isa = PBXGroup;
			children = (
				0BA975AF1CC73FEC00E5FBD8 /* timesTablesTests.swift */,
				0BA975B11CC73FEC00E5FBD8 /* Info.plist */,
			);
			path = timesTablesTests;
			sourceTree = "<group>";
		};
		0BA975B91CC73FEC00E5FBD8 /* timesTablesUITests */ = {
			isa = PBXGroup;
			children = (
				0BA975BA1CC73FEC00E5FBD8 /* timesTablesUITests.swift */,
				0BA975BC1CC73FEC00E5FBD8 /* Info.plist */,
			);
			path = timesTablesUITests;
			sourceTree = "<group>";
		};
/* End PBXGroup section */

/* Begin PBXNativeTarget section */
		0BA975961CC73FEC00E5FBD8 /* timesTables */ = {
			isa = PBXNativeTarget;
			buildConfigurationList = 0BA975BF1CC73FEC00E5FBD8 /* Build configuration list for PBXNativeTarget "timesTables" */;
			buildPhases = (
				0BA975931CC73FEC00E5FBD8 /* Sources */,
				0BA975941CC73FEC00E5FBD8 /* Frameworks */,
				0BA975951CC73FEC00E5FBD8 /* Resources */,
			);
			buildRules = (
			);
			dependencies = (
			);
			name = timesTables;
			productName = timesTables;
			productReference = 0BA975971CC73FEC00E5FBD8 /* timesTables.app */;
			productType = "com.apple.product-type.application";
		};
		0BA975AA1CC73FEC00E5FBD8 /* timesTablesTests */ = {
			isa = PBXNativeTarget;
			buildConfigurationList = 0BA975C21CC73FEC00E5FBD8 /* Build configuration list for PBXNativeTarget "timesTablesTests" */;
			buildPhases = (
				0BA975A71CC73FEC00E5FBD8 /* Sources */,
				0BA975A81CC73FEC00E5FBD8 /* Frameworks */,
				0BA975A91CC73FEC00E5FBD8 /* Resources */,
			);
			buildRules = (
			);
			dependencies = (
				0BA975AD1CC73FEC00E5FBD8 /* PBXTargetDependency */,
			);
			name = timesTablesTests;
			productName = timesTablesTests;
			productReference = 0BA975AB1CC73FEC00E5FBD8 /* timesTablesTests.xctest */;
			productType = "com.apple.product-type.bundle.unit-test";
		};
		0BA975B51CC73FEC00E5FBD8 /* timesTablesUITests */ = {
			isa = PBXNativeTarget;
			buildConfigurationList = 0BA975C51CC73FEC00E5FBD8 /* Build configuration list for PBXNativeTarget "timesTablesUITests" */;
			buildPhases = (
				0BA975B21CC73FEC00E5FBD8 /* Sources */,
				0BA975B31CC73FEC00E5FBD8 /* Frameworks */,
				0BA975B41CC73FEC00E5FBD8 /* Resources */,
			);
			buildRules = (
			);
			dependencies = (
				0BA975B81CC73FEC00E5FBD8 /* PBXTargetDependency */,
			);
			name = timesTablesUITests;
			productName = timesTablesUITests;
			productReference = 0BA975B61CC73FEC00E5FBD8 /* timesTablesUITests.xctest */;
			productType = "com.apple.product-type.bundle.ui-testing";
		};
/* End PBXNativeTarget section */

/* Begin PBXProject section */
		0BA9758F1CC73FEC00E5FBD8 /* Project object */ = {
			isa = PBXProject;
			attributes = {
				LastSwiftUpdateCheck = 0730;
				LastUpgradeCheck = 0730;
				ORGANIZATIONNAME = lrg;
				TargetAttributes = {
					0BA975961CC73FEC00E5FBD8 = {
						CreatedOnToolsVersion = 7.3;
						DevelopmentTeam = 55PHL7TR9Y;
					};
					0BA975AA1CC73FEC00E5FBD8 = {
						CreatedOnToolsVersion = 7.3;
						DevelopmentTeam = 55PHL7TR9Y;
						TestTargetID = 0BA975961CC73FEC00E5FBD8;
					};
					0BA975B51CC73FEC00E5FBD8 = {
						CreatedOnToolsVersion = 7.3;
						DevelopmentTeam = 55PHL7TR9Y;
						TestTargetID = 0BA975961CC73FEC00E5FBD8;
					};
				};
			};
			buildConfigurationList = 0BA975921CC73FEC00E5FBD8 /* Build configuration list for PBXProject "timesTables" */;
			compatibilityVersion = "Xcode 3.2";
			developmentRegion = English;
			hasScannedForEncodings = 0;
			knownRegions = (
				en,
				Base,
			);
			mainGroup = 0BA9758E1CC73FEC00E5FBD8;
			productRefGroup = 0BA975981CC73FEC00E5FBD8 /* Products */;
			projectDirPath = "";
			projectRoot = "";
			targets = (
				0BA975961CC73FEC00E5FBD8 /* timesTables */,
				0BA975AA1CC73FEC00E5FBD8 /* timesTablesTests */,
				0BA975B51CC73FEC00E5FBD8 /* timesTablesUITests */,
			);
		};
/* End PBXProject section */

/* Begin PBXResourcesBuildPhase section */
		0BA975951CC73FEC00E5FBD8 /* Resources */ = {
			isa = PBXResourcesBuildPhase;
			buildActionMask = 2147483647;
			files = (
				0BA975A51CC73FEC00E5FBD8 /* LaunchScreen.storyboard in Resources */,
				0BA975A21CC73FEC00E5FBD8 /* Assets.xcassets in Resources */,
				0BA975A01CC73FEC00E5FBD8 /* Main.storyboard in Resources */,
			);
			runOnlyForDeploymentPostprocessing = 0;
		};
		0BA975A91CC73FEC00E5FBD8 /* Resources */ = {
			isa = PBXResourcesBuildPhase;
			buildActionMask = 2147483647;
			files = (
			);
			runOnlyForDeploymentPostprocessing = 0;
		};
		0BA975B41CC73FEC00E5FBD8 /* Resources */ = {
			isa = PBXResourcesBuildPhase;
			buildActionMask = 2147483647;
			files = (
			);
			runOnlyForDeploymentPostprocessing = 0;
		};
/* End PBXResourcesBuildPhase section */

/* Begin PBXSourcesBuildPhase section */
		0BA975931CC73FEC00E5FBD8 /* Sources */ = {
			isa = PBXSourcesBuildPhase;
			buildActionMask = 2147483647;
			files = (
				0BA9759D1CC73FEC00E5FBD8 /* ViewController.swift in Sources */,
				0BA9759B1CC73FEC00E5FBD8 /* AppDelegate.swift in Sources */,
			);
			runOnlyForDeploymentPostprocessing = 0;
		};
		0BA975A71CC73FEC00E5FBD8 /* Sources */ = {
			isa = PBXSourcesBuildPhase;
			buildActionMask = 2147483647;
			files = (
				0BA975B01CC73FEC00E5FBD8 /* timesTablesTests.swift in Sources */,
			);
			runOnlyForDeploymentPostprocessing = 0;
		};
		0BA975B21CC73FEC00E5FBD8 /* Sources */ = {
			isa = PBXSourcesBuildPhase;
			buildActionMask = 2147483647;
			files = (
				0BA975BB1CC73FEC00E5FBD8 /* timesTablesUITests.swift in Sources */,
			);
			runOnlyForDeploymentPostprocessing = 0;
		};
/* End PBXSourcesBuildPhase section */

/* Begin PBXTargetDependency section */
		0BA975AD1CC73FEC00E5FBD8 /* PBXTargetDependency */ = {
			isa = PBXTargetDependency;
			target = 0BA975961CC73FEC00E5FBD8 /* timesTables */;
			targetProxy = 0BA975AC1CC73FEC00E5FBD8 /* PBXContainerItemProxy */;
		};
		0BA975B81CC73FEC00E5FBD8 /* PBXTargetDependency */ = {
			isa = PBXTargetDependency;
			target = 0BA975961CC73FEC00E5FBD8 /* timesTables */;
			targetProxy = 0BA975B71CC73FEC00E5FBD8 /* PBXContainerItemProxy */;
		};
/* End PBXTargetDependency section */

/* Begin PBXVariantGroup section */
		0BA9759E1CC73FEC00E5FBD8 /* Main.storyboard */ = {
			isa = PBXVariantGroup;
			children = (
				0BA9759F1CC73FEC00E5FBD8 /* Base */,
			);
			name = Main.storyboard;
			sourceTree = "<group>";
		};
		0BA975A31CC73FEC00E5FBD8 /* LaunchScreen.storyboard */ = {
			isa = PBXVariantGroup;
			children = (
				0BA975A41CC73FEC00E5FBD8 /* Base */,
			);
			name = LaunchScreen.storyboard;
			sourceTree = "<group>";
		};
/* End PBXVariantGroup section */

/* Begin XCBuildConfiguration section */
		0BA975BD1CC73FEC00E5FBD8 /* Debug */ = {
			isa = XCBuildConfiguration;
			buildSettings = {
				ALWAYS_SEARCH_USER_PATHS = NO;
				CLANG_ANALYZER_NONNULL = YES;
				CLANG_CXX_LANGUAGE_STANDARD = "gnu++0x";
				CLANG_CXX_LIBRARY = "libc++";
				CLANG_ENABLE_MODULES = YES;
				CLANG_ENABLE_OBJC_ARC = YES;
				CLANG_WARN_BOOL_CONVERSION = YES;
				CLANG_WARN_CONSTANT_CONVERSION = YES;
				CLANG_WARN_DIRECT_OBJC_ISA_USAGE = YES_ERROR;
				CLANG_WARN_EMPTY_BODY = YES;
				CLANG_WARN_ENUM_CONVERSION = YES;
				CLANG_WARN_INT_CONVERSION = YES;
				CLANG_WARN_OBJC_ROOT_CLASS = YES_ERROR;
				CLANG_WARN_UNREACHABLE_CODE = YES;
				CLANG_WARN__DUPLICATE_METHOD_MATCH = YES;
				"CODE_SIGN_IDENTITY[sdk=iphoneos*]" = "iPhone Developer";
				COPY_PHASE_STRIP = NO;
				DEBUG_INFORMATION_FORMAT = dwarf;
				ENABLE_STRICT_OBJC_MSGSEND = YES;
				ENABLE_TESTABILITY = YES;
				GCC_C_LANGUAGE_STANDARD = gnu99;
				GCC_DYNAMIC_NO_PIC = NO;
				GCC_NO_COMMON_BLOCKS = YES;
				GCC_OPTIMIZATION_LEVEL = 0;
				GCC_PREPROCESSOR_DEFINITIONS = (
					"DEBUG=1",
					"$(inherited)",
				);
				GCC_WARN_64_TO_32_BIT_CONVERSION = YES;
				GCC_WARN_ABOUT_RETURN_TYPE = YES_ERROR;
				GCC_WARN_UNDECLARED_SELECTOR = YES;
				GCC_WARN_UNINITIALIZED_AUTOS = YES_AGGRESSIVE;
				GCC_WARN_UNUSED_FUNCTION = YES;
				GCC_WARN_UNUSED_VARIABLE = YES;
				IPHONEOS_DEPLOYMENT_TARGET = 9.3;
				MTL_ENABLE_DEBUG_INFO = YES;
				ONLY_ACTIVE_ARCH = YES;
				SDKROOT = iphoneos;
				SWIFT_OPTIMIZATION_LEVEL = "-Onone";
			};
			name = Debug;
		};
		0BA975BE1CC73FEC00E5FBD8 /* Release */ = {
			isa = XCBuildConfiguration;
			buildSettings = {
				ALWAYS_SEARCH_USER_PATHS = NO;
				CLANG_ANALYZER_NONNULL = YES;
				CLANG_CXX_LANGUAGE_STANDARD = "gnu++0x";
				CLANG_CXX_LIBRARY = "libc++";
				CLANG_ENABLE_MODULES = YES;
				CLANG_ENABLE_OBJC_ARC = YES;
				CLANG_WARN_BOOL_CONVERSION = YES;
				CLANG_WARN_CONSTANT_CONVERSION = YES;
				CLANG_WARN_DIRECT_OBJC_ISA_USAGE = YES_ERROR;
				CLANG_WARN_EMPTY_BODY = YES;
				CLANG_WARN_ENUM_CONVERSION = YES;
				CLANG_WARN_INT_CONVERSION = YES;
				CLANG_WARN_OBJC_ROOT_CLASS = YES_ERROR;
				CLANG_WARN_UNREACHABLE_CODE = YES;
				CLANG_WARN__DUPLICATE_METHOD_MATCH = YES;
				"CODE_SIGN_IDENTITY[sdk=iphoneos*]" = "iPhone Developer";
				COPY_PHASE_STRIP = NO;
				DEBUG_INFORMATION_FORMAT = "dwarf-with-dsym";
				ENABLE_NS_ASSERTIONS = NO;
				ENABLE_STRICT_OBJC_MSGSEND = YES;
				GCC_C_LANGUAGE_STANDARD = gnu99;
				GCC_NO_COMMON_BLOCKS = YES;
				GCC_WARN_64_TO_32_BIT_CONVERSION = YES;
				GCC_WARN_ABOUT_RETURN_TYPE = YES_ERROR;
				GCC_WARN_UNDECLARED_SELECTOR = YES;
				GCC_WARN_UNINITIALIZED_AUTOS = YES_AGGRESSIVE;
				GCC_WARN_UNUSED_FUNCTION = YES;
				GCC_WARN_UNUSED_VARIABLE = YES;
				IPHONEOS_DEPLOYMENT_TARGET = 9.3;
				MTL_ENABLE_DEBUG_INFO = NO;
				SDKROOT = iphoneos;
				VALIDATE_PRODUCT = YES;
			};
			name = Release;
		};
		0BA975C01CC73FEC00E5FBD8 /* Debug */ = {
			isa = XCBuildConfiguration;
			buildSettings = {
				ASSETCATALOG_COMPILER_APPICON_NAME = AppIcon;
				INFOPLIST_FILE = timesTables/Info.plist;
				LD_RUNPATH_SEARCH_PATHS = "$(inherited) @executable_path/Frameworks";
				PRODUCT_BUNDLE_IDENTIFIER = com.lrg.timesTables;
				PRODUCT_NAME = "$(TARGET_NAME)";
			};
			name = Debug;
		};
		0BA975C11CC73FEC00E5FBD8 /* Release */ = {
			isa = XCBuildConfiguration;
			buildSettings = {
				ASSETCATALOG_COMPILER_APPICON_NAME = AppIcon;
				INFOPLIST_FILE = timesTables/Info.plist;
				LD_RUNPATH_SEARCH_PATHS = "$(inherited) @executable_path/Frameworks";
				PRODUCT_BUNDLE_IDENTIFIER = com.lrg.timesTables;
				PRODUCT_NAME = "$(TARGET_NAME)";
			};
			name = Release;
		};
		0BA975C31CC73FEC00E5FBD8 /* Debug */ = {
			isa = XCBuildConfiguration;
			buildSettings = {
				BUNDLE_LOADER = "$(TEST_HOST)";
				INFOPLIST_FILE = timesTablesTests/Info.plist;
				LD_RUNPATH_SEARCH_PATHS = "$(inherited) @executable_path/Frameworks @loader_path/Frameworks";
				PRODUCT_BUNDLE_IDENTIFIER = com.lrg.timesTablesTests;
				PRODUCT_NAME = "$(TARGET_NAME)";
				TEST_HOST = "$(BUILT_PRODUCTS_DIR)/timesTables.app/timesTables";
			};
			name = Debug;
		};
		0BA975C41CC73FEC00E5FBD8 /* Release */ = {
			isa = XCBuildConfiguration;
			buildSettings = {
				BUNDLE_LOADER = "$(TEST_HOST)";
				INFOPLIST_FILE = timesTablesTests/Info.plist;
				LD_RUNPATH_SEARCH_PATHS = "$(inherited) @executable_path/Frameworks @loader_path/Frameworks";
				PRODUCT_BUNDLE_IDENTIFIER = com.lrg.timesTablesTests;
				PRODUCT_NAME = "$(TARGET_NAME)";
				TEST_HOST = "$(BUILT_PRODUCTS_DIR)/timesTables.app/timesTables";
			};
			name = Release;
		};
		0BA975C61CC73FEC00E5FBD8 /* Debug */ = {
			isa = XCBuildConfiguration;
			buildSettings = {
				INFOPLIST_FILE = timesTablesUITests/Info.plist;
				LD_RUNPATH_SEARCH_PATHS = "$(inherited) @executable_path/Frameworks @loader_path/Frameworks";
				PRODUCT_BUNDLE_IDENTIFIER = com.lrg.timesTablesUITests;
				PRODUCT_NAME = "$(TARGET_NAME)";
				TEST_TARGET_NAME = timesTables;
			};
			name = Debug;
		};
		0BA975C71CC73FEC00E5FBD8 /* Release */ = {
			isa = XCBuildConfiguration;
			buildSettings = {
				INFOPLIST_FILE = timesTablesUITests/Info.plist;
				LD_RUNPATH_SEARCH_PATHS = "$(inherited) @executable_path/Frameworks @loader_path/Frameworks";
				PRODUCT_BUNDLE_IDENTIFIER = com.lrg.timesTablesUITests;
				PRODUCT_NAME = "$(TARGET_NAME)";
				TEST_TARGET_NAME = timesTables;
			};
			name = Release;
		};
/* End XCBuildConfiguration section */

/* Begin XCConfigurationList section */
		0BA975921CC73FEC00E5FBD8 /* Build configuration list for PBXProject "timesTables" */ = {
			isa = XCConfigurationList;
			buildConfigurations = (
				0BA975BD1CC73FEC00E5FBD8 /* Debug */,
				0BA975BE1CC73FEC00E5FBD8 /* Release */,
			);
			defaultConfigurationIsVisible = 0;
			defaultConfigurationName = Release;
		};
		0BA975BF1CC73FEC00E5FBD8 /* Build configuration list for PBXNativeTarget "timesTables" */ = {
			isa = XCConfigurationList;
			buildConfigurations = (
				0BA975C01CC73FEC00E5FBD8 /* Debug */,
				0BA975C11CC73FEC00E5FBD8 /* Release */,
			);
			defaultConfigurationIsVisible = 0;
		};
		0BA975C21CC73FEC00E5FBD8 /* Build configuration list for PBXNativeTarget "timesTablesTests" */ = {
			isa = XCConfigurationList;
			buildConfigurations = (
				0BA975C31CC73FEC00E5FBD8 /* Debug */,
				0BA975C41CC73FEC00E5FBD8 /* Release */,
			);
			defaultConfigurationIsVisible = 0;
		};
		0BA975C51CC73FEC00E5FBD8 /* Build configuration list for PBXNativeTarget "timesTablesUITests" */ = {
			isa = XCConfigurationList;
			buildConfigurations = (
				0BA975C61CC73FEC00E5FBD8 /* Debug */,
				0BA975C71CC73FEC00E5FBD8 /* Release */,
			);
			defaultConfigurationIsVisible = 0;
		};
/* End XCConfigurationList section */
	};
	rootObject = 0BA9758F1CC73FEC00E5FBD8 /* Project object */;
}
