// !$*UTF8*$!
{
	archiveVersion = 1;
	classes = {
	};
	objectVersion = 46;
	objects = {

/* Begin PBXBuildFile section */
		0B699D571CBAF6F50014D025 /* AppDelegate.swift in Sources */ = {isa = PBXBuildFile; fileRef = 0B699D561CBAF6F50014D025 /* AppDelegate.swift */; };
		0B699D591CBAF6F50014D025 /* ViewController.swift in Sources */ = {isa = PBXBuildFile; fileRef = 0B699D581CBAF6F50014D025 /* ViewController.swift */; };
		0B699D5C1CBAF6F50014D025 /* Main.storyboard in Resources */ = {isa = PBXBuildFile; fileRef = 0B699D5A1CBAF6F50014D025 /* Main.storyboard */; };
		0B699D5E1CBAF6F50014D025 /* Assets.xcassets in Resources */ = {isa = PBXBuildFile; fileRef = 0B699D5D1CBAF6F50014D025 /* Assets.xcassets */; };
		0B699D611CBAF6F50014D025 /* LaunchScreen.storyboard in Resources */ = {isa = PBXBuildFile; fileRef = 0B699D5F1CBAF6F50014D025 /* LaunchScreen.storyboard */; };
		0B699D6C1CBAF6F50014D025 /* catyearsTests.swift in Sources */ = {isa = PBXBuildFile; fileRef = 0B699D6B1CBAF6F50014D025 /* catyearsTests.swift */; };
		0B699D771CBAF6F50014D025 /* catyearsUITests.swift in Sources */ = {isa = PBXBuildFile; fileRef = 0B699D761CBAF6F50014D025 /* catyearsUITests.swift */; };
		0B699D851CBAF8600014D025 /* maxresdefault.jpg in Resources */ = {isa = PBXBuildFile; fileRef = 0B699D841CBAF8600014D025 /* maxresdefault.jpg */; };
/* End PBXBuildFile section */

/* Begin PBXContainerItemProxy section */
		0B699D681CBAF6F50014D025 /* PBXContainerItemProxy */ = {
			isa = PBXContainerItemProxy;
			containerPortal = 0B699D4B1CBAF6F50014D025 /* Project object */;
			proxyType = 1;
			remoteGlobalIDString = 0B699D521CBAF6F50014D025;
			remoteInfo = catyears;
		};
		0B699D731CBAF6F50014D025 /* PBXContainerItemProxy */ = {
			isa = PBXContainerItemProxy;
			containerPortal = 0B699D4B1CBAF6F50014D025 /* Project object */;
			proxyType = 1;
			remoteGlobalIDString = 0B699D521CBAF6F50014D025;
			remoteInfo = catyears;
		};
/* End PBXContainerItemProxy section */

/* Begin PBXFileReference section */
		0B699D531CBAF6F50014D025 /* catyears.app */ = {isa = PBXFileReference; explicitFileType = wrapper.application; includeInIndex = 0; path = catyears.app; sourceTree = BUILT_PRODUCTS_DIR; };
		0B699D561CBAF6F50014D025 /* AppDelegate.swift */ = {isa = PBXFileReference; lastKnownFileType = sourcecode.swift; path = AppDelegate.swift; sourceTree = "<group>"; };
		0B699D581CBAF6F50014D025 /* ViewController.swift */ = {isa = PBXFileReference; lastKnownFileType = sourcecode.swift; path = ViewController.swift; sourceTree = "<group>"; };
		0B699D5B1CBAF6F50014D025 /* Base */ = {isa = PBXFileReference; lastKnownFileType = file.storyboard; name = Base; path = Base.lproj/Main.storyboard; sourceTree = "<group>"; };
		0B699D5D1CBAF6F50014D025 /* Assets.xcassets */ = {isa = PBXFileReference; lastKnownFileType = folder.assetcatalog; path = Assets.xcassets; sourceTree = "<group>"; };
		0B699D601CBAF6F50014D025 /* Base */ = {isa = PBXFileReference; lastKnownFileType = file.storyboard; name = Base; path = Base.lproj/LaunchScreen.storyboard; sourceTree = "<group>"; };
		0B699D621CBAF6F50014D025 /* Info.plist */ = {isa = PBXFileReference; lastKnownFileType = text.plist.xml; path = Info.plist; sourceTree = "<group>"; };
		0B699D671CBAF6F50014D025 /* catyearsTests.xctest */ = {isa = PBXFileReference; explicitFileType = wrapper.cfbundle; includeInIndex = 0; path = catyearsTests.xctest; sourceTree = BUILT_PRODUCTS_DIR; };
		0B699D6B1CBAF6F50014D025 /* catyearsTests.swift */ = {isa = PBXFileReference; lastKnownFileType = sourcecode.swift; path = catyearsTests.swift; sourceTree = "<group>"; };
		0B699D6D1CBAF6F50014D025 /* Info.plist */ = {isa = PBXFileReference; lastKnownFileType = text.plist.xml; path = Info.plist; sourceTree = "<group>"; };
		0B699D721CBAF6F50014D025 /* catyearsUITests.xctest */ = {isa = PBXFileReference; explicitFileType = wrapper.cfbundle; includeInIndex = 0; path = catyearsUITests.xctest; sourceTree = BUILT_PRODUCTS_DIR; };
		0B699D761CBAF6F50014D025 /* catyearsUITests.swift */ = {isa = PBXFileReference; lastKnownFileType = sourcecode.swift; path = catyearsUITests.swift; sourceTree = "<group>"; };
		0B699D781CBAF6F50014D025 /* Info.plist */ = {isa = PBXFileReference; lastKnownFileType = text.plist.xml; path = Info.plist; sourceTree = "<group>"; };
		0B699D841CBAF8600014D025 /* maxresdefault.jpg */ = {isa = PBXFileReference; lastKnownFileType = image.jpeg; path = maxresdefault.jpg; sourceTree = "<group>"; };
/* End PBXFileReference section */

/* Begin PBXFrameworksBuildPhase section */
		0B699D501CBAF6F50014D025 /* Frameworks */ = {
			isa = PBXFrameworksBuildPhase;
			buildActionMask = 2147483647;
			files = (
			);
			runOnlyForDeploymentPostprocessing = 0;
		};
		0B699D641CBAF6F50014D025 /* Frameworks */ = {
			isa = PBXFrameworksBuildPhase;
			buildActionMask = 2147483647;
			files = (
			);
			runOnlyForDeploymentPostprocessing = 0;
		};
		0B699D6F1CBAF6F50014D025 /* Frameworks */ = {
			isa = PBXFrameworksBuildPhase;
			buildActionMask = 2147483647;
			files = (
			);
			runOnlyForDeploymentPostprocessing = 0;
		};
/* End PBXFrameworksBuildPhase section */

/* Begin PBXGroup section */
		0B699D4A1CBAF6F50014D025 = {
			isa = PBXGroup;
			children = (
				0B699D551CBAF6F50014D025 /* catyears */,
				0B699D6A1CBAF6F50014D025 /* catyearsTests */,
				0B699D751CBAF6F50014D025 /* catyearsUITests */,
				0B699D541CBAF6F50014D025 /* Products */,
			);
			sourceTree = "<group>";
		};
		0B699D541CBAF6F50014D025 /* Products */ = {
			isa = PBXGroup;
			children = (
				0B699D531CBAF6F50014D025 /* catyears.app */,
				0B699D671CBAF6F50014D025 /* catyearsTests.xctest */,
				0B699D721CBAF6F50014D025 /* catyearsUITests.xctest */,
			);
			name = Products;
			sourceTree = "<group>";
		};
		0B699D551CBAF6F50014D025 /* catyears */ = {
			isa = PBXGroup;
			children = (
				0B699D561CBAF6F50014D025 /* AppDelegate.swift */,
				0B699D581CBAF6F50014D025 /* ViewController.swift */,
				0B699D5A1CBAF6F50014D025 /* Main.storyboard */,
				0B699D5D1CBAF6F50014D025 /* Assets.xcassets */,
				0B699D841CBAF8600014D025 /* maxresdefault.jpg */,
				0B699D5F1CBAF6F50014D025 /* LaunchScreen.storyboard */,
				0B699D621CBAF6F50014D025 /* Info.plist */,
			);
			path = catyears;
			sourceTree = "<group>";
		};
		0B699D6A1CBAF6F50014D025 /* catyearsTests */ = {
			isa = PBXGroup;
			children = (
				0B699D6B1CBAF6F50014D025 /* catyearsTests.swift */,
				0B699D6D1CBAF6F50014D025 /* Info.plist */,
			);
			path = catyearsTests;
			sourceTree = "<group>";
		};
		0B699D751CBAF6F50014D025 /* catyearsUITests */ = {
			isa = PBXGroup;
			children = (
				0B699D761CBAF6F50014D025 /* catyearsUITests.swift */,
				0B699D781CBAF6F50014D025 /* Info.plist */,
			);
			path = catyearsUITests;
			sourceTree = "<group>";
		};
/* End PBXGroup section */

/* Begin PBXNativeTarget section */
		0B699D521CBAF6F50014D025 /* catyears */ = {
			isa = PBXNativeTarget;
			buildConfigurationList = 0B699D7B1CBAF6F50014D025 /* Build configuration list for PBXNativeTarget "catyears" */;
			buildPhases = (
				0B699D4F1CBAF6F50014D025 /* Sources */,
				0B699D501CBAF6F50014D025 /* Frameworks */,
				0B699D511CBAF6F50014D025 /* Resources */,
			);
			buildRules = (
			);
			dependencies = (
			);
			name = catyears;
			productName = catyears;
			productReference = 0B699D531CBAF6F50014D025 /* catyears.app */;
			productType = "com.apple.product-type.application";
		};
		0B699D661CBAF6F50014D025 /* catyearsTests */ = {
			isa = PBXNativeTarget;
			buildConfigurationList = 0B699D7E1CBAF6F50014D025 /* Build configuration list for PBXNativeTarget "catyearsTests" */;
			buildPhases = (
				0B699D631CBAF6F50014D025 /* Sources */,
				0B699D641CBAF6F50014D025 /* Frameworks */,
				0B699D651CBAF6F50014D025 /* Resources */,
			);
			buildRules = (
			);
			dependencies = (
				0B699D691CBAF6F50014D025 /* PBXTargetDependency */,
			);
			name = catyearsTests;
			productName = catyearsTests;
			productReference = 0B699D671CBAF6F50014D025 /* catyearsTests.xctest */;
			productType = "com.apple.product-type.bundle.unit-test";
		};
		0B699D711CBAF6F50014D025 /* catyearsUITests */ = {
			isa = PBXNativeTarget;
			buildConfigurationList = 0B699D811CBAF6F50014D025 /* Build configuration list for PBXNativeTarget "catyearsUITests" */;
			buildPhases = (
				0B699D6E1CBAF6F50014D025 /* Sources */,
				0B699D6F1CBAF6F50014D025 /* Frameworks */,
				0B699D701CBAF6F50014D025 /* Resources */,
			);
			buildRules = (
			);
			dependencies = (
				0B699D741CBAF6F50014D025 /* PBXTargetDependency */,
			);
			name = catyearsUITests;
			productName = catyearsUITests;
			productReference = 0B699D721CBAF6F50014D025 /* catyearsUITests.xctest */;
			productType = "com.apple.product-type.bundle.ui-testing";
		};
/* End PBXNativeTarget section */

/* Begin PBXProject section */
		0B699D4B1CBAF6F50014D025 /* Project object */ = {
			isa = PBXProject;
			attributes = {
				LastSwiftUpdateCheck = 0730;
				LastUpgradeCheck = 0730;
				ORGANIZATIONNAME = lrg;
				TargetAttributes = {
					0B699D521CBAF6F50014D025 = {
						CreatedOnToolsVersion = 7.3;
						DevelopmentTeam = 55PHL7TR9Y;
					};
					0B699D661CBAF6F50014D025 = {
						CreatedOnToolsVersion = 7.3;
						DevelopmentTeam = 55PHL7TR9Y;
						TestTargetID = 0B699D521CBAF6F50014D025;
					};
					0B699D711CBAF6F50014D025 = {
						CreatedOnToolsVersion = 7.3;
						DevelopmentTeam = 55PHL7TR9Y;
						TestTargetID = 0B699D521CBAF6F50014D025;
					};
				};
			};
			buildConfigurationList = 0B699D4E1CBAF6F50014D025 /* Build configuration list for PBXProject "catyears" */;
			compatibilityVersion = "Xcode 3.2";
			developmentRegion = English;
			hasScannedForEncodings = 0;
			knownRegions = (
				en,
				Base,
			);
			mainGroup = 0B699D4A1CBAF6F50014D025;
			productRefGroup = 0B699D541CBAF6F50014D025 /* Products */;
			projectDirPath = "";
			projectRoot = "";
			targets = (
				0B699D521CBAF6F50014D025 /* catyears */,
				0B699D661CBAF6F50014D025 /* catyearsTests */,
				0B699D711CBAF6F50014D025 /* catyearsUITests */,
			);
		};
/* End PBXProject section */

/* Begin PBXResourcesBuildPhase section */
		0B699D511CBAF6F50014D025 /* Resources */ = {
			isa = PBXResourcesBuildPhase;
			buildActionMask = 2147483647;
			files = (
				0B699D611CBAF6F50014D025 /* LaunchScreen.storyboard in Resources */,
				0B699D851CBAF8600014D025 /* maxresdefault.jpg in Resources */,
				0B699D5E1CBAF6F50014D025 /* Assets.xcassets in Resources */,
				0B699D5C1CBAF6F50014D025 /* Main.storyboard in Resources */,
			);
			runOnlyForDeploymentPostprocessing = 0;
		};
		0B699D651CBAF6F50014D025 /* Resources */ = {
			isa = PBXResourcesBuildPhase;
			buildActionMask = 2147483647;
			files = (
			);
			runOnlyForDeploymentPostprocessing = 0;
		};
		0B699D701CBAF6F50014D025 /* Resources */ = {
			isa = PBXResourcesBuildPhase;
			buildActionMask = 2147483647;
			files = (
			);
			runOnlyForDeploymentPostprocessing = 0;
		};
/* End PBXResourcesBuildPhase section */

/* Begin PBXSourcesBuildPhase section */
		0B699D4F1CBAF6F50014D025 /* Sources */ = {
			isa = PBXSourcesBuildPhase;
			buildActionMask = 2147483647;
			files = (
				0B699D591CBAF6F50014D025 /* ViewController.swift in Sources */,
				0B699D571CBAF6F50014D025 /* AppDelegate.swift in Sources */,
			);
			runOnlyForDeploymentPostprocessing = 0;
		};
		0B699D631CBAF6F50014D025 /* Sources */ = {
			isa = PBXSourcesBuildPhase;
			buildActionMask = 2147483647;
			files = (
				0B699D6C1CBAF6F50014D025 /* catyearsTests.swift in Sources */,
			);
			runOnlyForDeploymentPostprocessing = 0;
		};
		0B699D6E1CBAF6F50014D025 /* Sources */ = {
			isa = PBXSourcesBuildPhase;
			buildActionMask = 2147483647;
			files = (
				0B699D771CBAF6F50014D025 /* catyearsUITests.swift in Sources */,
			);
			runOnlyForDeploymentPostprocessing = 0;
		};
/* End PBXSourcesBuildPhase section */

/* Begin PBXTargetDependency section */
		0B699D691CBAF6F50014D025 /* PBXTargetDependency */ = {
			isa = PBXTargetDependency;
			target = 0B699D521CBAF6F50014D025 /* catyears */;
			targetProxy = 0B699D681CBAF6F50014D025 /* PBXContainerItemProxy */;
		};
		0B699D741CBAF6F50014D025 /* PBXTargetDependency */ = {
			isa = PBXTargetDependency;
			target = 0B699D521CBAF6F50014D025 /* catyears */;
			targetProxy = 0B699D731CBAF6F50014D025 /* PBXContainerItemProxy */;
		};
/* End PBXTargetDependency section */

/* Begin PBXVariantGroup section */
		0B699D5A1CBAF6F50014D025 /* Main.storyboard */ = {
			isa = PBXVariantGroup;
			children = (
				0B699D5B1CBAF6F50014D025 /* Base */,
			);
			name = Main.storyboard;
			sourceTree = "<group>";
		};
		0B699D5F1CBAF6F50014D025 /* LaunchScreen.storyboard */ = {
			isa = PBXVariantGroup;
			children = (
				0B699D601CBAF6F50014D025 /* Base */,
			);
			name = LaunchScreen.storyboard;
			sourceTree = "<group>";
		};
/* End PBXVariantGroup section */

/* Begin XCBuildConfiguration section */
		0B699D791CBAF6F50014D025 /* Debug */ = {
			isa = XCBuildConfiguration;
			buildSettings = {
				ALWAYS_SEARCH_USER_PATHS = NO;
				CLANG_ANALYZER_NONNULL = YES;
				CLANG_CXX_LANGUAGE_STANDARD = "gnu++0x";
				CLANG_CXX_LIBRARY = "libc++";
				CLANG_ENABLE_MODULES = YES;
				CLANG_ENABLE_OBJC_ARC = YES;
				CLANG_WARN_BOOL_CONVERSION = YES;
				CLANG_WARN_CONSTANT_CONVERSION = YES;
				CLANG_WARN_DIRECT_OBJC_ISA_USAGE = YES_ERROR;
				CLANG_WARN_EMPTY_BODY = YES;
				CLANG_WARN_ENUM_CONVERSION = YES;
				CLANG_WARN_INT_CONVERSION = YES;
				CLANG_WARN_OBJC_ROOT_CLASS = YES_ERROR;
				CLANG_WARN_UNREACHABLE_CODE = YES;
				CLANG_WARN__DUPLICATE_METHOD_MATCH = YES;
				"CODE_SIGN_IDENTITY[sdk=iphoneos*]" = "iPhone Developer";
				COPY_PHASE_STRIP = NO;
				DEBUG_INFORMATION_FORMAT = dwarf;
				ENABLE_STRICT_OBJC_MSGSEND = YES;
				ENABLE_TESTABILITY = YES;
				GCC_C_LANGUAGE_STANDARD = gnu99;
				GCC_DYNAMIC_NO_PIC = NO;
				GCC_NO_COMMON_BLOCKS = YES;
				GCC_OPTIMIZATION_LEVEL = 0;
				GCC_PREPROCESSOR_DEFINITIONS = (
					"DEBUG=1",
					"$(inherited)",
				);
				GCC_WARN_64_TO_32_BIT_CONVERSION = YES;
				GCC_WARN_ABOUT_RETURN_TYPE = YES_ERROR;
				GCC_WARN_UNDECLARED_SELECTOR = YES;
				GCC_WARN_UNINITIALIZED_AUTOS = YES_AGGRESSIVE;
				GCC_WARN_UNUSED_FUNCTION = YES;
				GCC_WARN_UNUSED_VARIABLE = YES;
				IPHONEOS_DEPLOYMENT_TARGET = 9.3;
				MTL_ENABLE_DEBUG_INFO = YES;
				ONLY_ACTIVE_ARCH = YES;
				SDKROOT = iphoneos;
				SWIFT_OPTIMIZATION_LEVEL = "-Onone";
			};
			name = Debug;
		};
		0B699D7A1CBAF6F50014D025 /* Release */ = {
			isa = XCBuildConfiguration;
			buildSettings = {
				ALWAYS_SEARCH_USER_PATHS = NO;
				CLANG_ANALYZER_NONNULL = YES;
				CLANG_CXX_LANGUAGE_STANDARD = "gnu++0x";
				CLANG_CXX_LIBRARY = "libc++";
				CLANG_ENABLE_MODULES = YES;
				CLANG_ENABLE_OBJC_ARC = YES;
				CLANG_WARN_BOOL_CONVERSION = YES;
				CLANG_WARN_CONSTANT_CONVERSION = YES;
				CLANG_WARN_DIRECT_OBJC_ISA_USAGE = YES_ERROR;
				CLANG_WARN_EMPTY_BODY = YES;
				CLANG_WARN_ENUM_CONVERSION = YES;
				CLANG_WARN_INT_CONVERSION = YES;
				CLANG_WARN_OBJC_ROOT_CLASS = YES_ERROR;
				CLANG_WARN_UNREACHABLE_CODE = YES;
				CLANG_WARN__DUPLICATE_METHOD_MATCH = YES;
				"CODE_SIGN_IDENTITY[sdk=iphoneos*]" = "iPhone Developer";
				COPY_PHASE_STRIP = NO;
				DEBUG_INFORMATION_FORMAT = "dwarf-with-dsym";
				ENABLE_NS_ASSERTIONS = NO;
				ENABLE_STRICT_OBJC_MSGSEND = YES;
				GCC_C_LANGUAGE_STANDARD = gnu99;
				GCC_NO_COMMON_BLOCKS = YES;
				GCC_WARN_64_TO_32_BIT_CONVERSION = YES;
				GCC_WARN_ABOUT_RETURN_TYPE = YES_ERROR;
				GCC_WARN_UNDECLARED_SELECTOR = YES;
				GCC_WARN_UNINITIALIZED_AUTOS = YES_AGGRESSIVE;
				GCC_WARN_UNUSED_FUNCTION = YES;
				GCC_WARN_UNUSED_VARIABLE = YES;
				IPHONEOS_DEPLOYMENT_TARGET = 9.3;
				MTL_ENABLE_DEBUG_INFO = NO;
				SDKROOT = iphoneos;
				VALIDATE_PRODUCT = YES;
			};
			name = Release;
		};
		0B699D7C1CBAF6F50014D025 /* Debug */ = {
			isa = XCBuildConfiguration;
			buildSettings = {
				ASSETCATALOG_COMPILER_APPICON_NAME = AppIcon;
				INFOPLIST_FILE = catyears/Info.plist;
				LD_RUNPATH_SEARCH_PATHS = "$(inherited) @executable_path/Frameworks";
				PRODUCT_BUNDLE_IDENTIFIER = com.lrg.catyears;
				PRODUCT_NAME = "$(TARGET_NAME)";
			};
			name = Debug;
		};
		0B699D7D1CBAF6F50014D025 /* Release */ = {
			isa = XCBuildConfiguration;
			buildSettings = {
				ASSETCATALOG_COMPILER_APPICON_NAME = AppIcon;
				INFOPLIST_FILE = catyears/Info.plist;
				LD_RUNPATH_SEARCH_PATHS = "$(inherited) @executable_path/Frameworks";
				PRODUCT_BUNDLE_IDENTIFIER = com.lrg.catyears;
				PRODUCT_NAME = "$(TARGET_NAME)";
			};
			name = Release;
		};
		0B699D7F1CBAF6F50014D025 /* Debug */ = {
			isa = XCBuildConfiguration;
			buildSettings = {
				BUNDLE_LOADER = "$(TEST_HOST)";
				INFOPLIST_FILE = catyearsTests/Info.plist;
				LD_RUNPATH_SEARCH_PATHS = "$(inherited) @executable_path/Frameworks @loader_path/Frameworks";
				PRODUCT_BUNDLE_IDENTIFIER = com.lrg.catyearsTests;
				PRODUCT_NAME = "$(TARGET_NAME)";
				TEST_HOST = "$(BUILT_PRODUCTS_DIR)/catyears.app/catyears";
			};
			name = Debug;
		};
		0B699D801CBAF6F50014D025 /* Release */ = {
			isa = XCBuildConfiguration;
			buildSettings = {
				BUNDLE_LOADER = "$(TEST_HOST)";
				INFOPLIST_FILE = catyearsTests/Info.plist;
				LD_RUNPATH_SEARCH_PATHS = "$(inherited) @executable_path/Frameworks @loader_path/Frameworks";
				PRODUCT_BUNDLE_IDENTIFIER = com.lrg.catyearsTests;
				PRODUCT_NAME = "$(TARGET_NAME)";
				TEST_HOST = "$(BUILT_PRODUCTS_DIR)/catyears.app/catyears";
			};
			name = Release;
		};
		0B699D821CBAF6F50014D025 /* Debug */ = {
			isa = XCBuildConfiguration;
			buildSettings = {
				INFOPLIST_FILE = catyearsUITests/Info.plist;
				LD_RUNPATH_SEARCH_PATHS = "$(inherited) @executable_path/Frameworks @loader_path/Frameworks";
				PRODUCT_BUNDLE_IDENTIFIER = com.lrg.catyearsUITests;
				PRODUCT_NAME = "$(TARGET_NAME)";
				TEST_TARGET_NAME = catyears;
			};
			name = Debug;
		};
		0B699D831CBAF6F50014D025 /* Release */ = {
			isa = XCBuildConfiguration;
			buildSettings = {
				INFOPLIST_FILE = catyearsUITests/Info.plist;
				LD_RUNPATH_SEARCH_PATHS = "$(inherited) @executable_path/Frameworks @loader_path/Frameworks";
				PRODUCT_BUNDLE_IDENTIFIER = com.lrg.catyearsUITests;
				PRODUCT_NAME = "$(TARGET_NAME)";
				TEST_TARGET_NAME = catyears;
			};
			name = Release;
		};
/* End XCBuildConfiguration section */

/* Begin XCConfigurationList section */
		0B699D4E1CBAF6F50014D025 /* Build configuration list for PBXProject "catyears" */ = {
			isa = XCConfigurationList;
			buildConfigurations = (
				0B699D791CBAF6F50014D025 /* Debug */,
				0B699D7A1CBAF6F50014D025 /* Release */,
			);
			defaultConfigurationIsVisible = 0;
			defaultConfigurationName = Release;
		};
		0B699D7B1CBAF6F50014D025 /* Build configuration list for PBXNativeTarget "catyears" */ = {
			isa = XCConfigurationList;
			buildConfigurations = (
				0B699D7C1CBAF6F50014D025 /* Debug */,
				0B699D7D1CBAF6F50014D025 /* Release */,
			);
			defaultConfigurationIsVisible = 0;
		};
		0B699D7E1CBAF6F50014D025 /* Build configuration list for PBXNativeTarget "catyearsTests" */ = {
			isa = XCConfigurationList;
			buildConfigurations = (
				0B699D7F1CBAF6F50014D025 /* Debug */,
				0B699D801CBAF6F50014D025 /* Release */,
			);
			defaultConfigurationIsVisible = 0;
		};
		0B699D811CBAF6F50014D025 /* Build configuration list for PBXNativeTarget "catyearsUITests" */ = {
			isa = XCConfigurationList;
			buildConfigurations = (
				0B699D821CBAF6F50014D025 /* Debug */,
				0B699D831CBAF6F50014D025 /* Release */,
			);
			defaultConfigurationIsVisible = 0;
		};
/* End XCConfigurationList section */
	};
	rootObject = 0B699D4B1CBAF6F50014D025 /* Project object */;
}
