// !$*UTF8*$!
{
	archiveVersion = 1;
	classes = {
	};
	objectVersion = 46;
	objects = {

/* Begin PBXBuildFile section */
		0B2AC71D1CB4C478000BCEFE /* AppDelegate.swift in Sources */ = {isa = PBXBuildFile; fileRef = 0B2AC71C1CB4C478000BCEFE /* AppDelegate.swift */; };
		0B2AC71F1CB4C478000BCEFE /* ViewController.swift in Sources */ = {isa = PBXBuildFile; fileRef = 0B2AC71E1CB4C478000BCEFE /* ViewController.swift */; };
		0B2AC7221CB4C478000BCEFE /* Main.storyboard in Resources */ = {isa = PBXBuildFile; fileRef = 0B2AC7201CB4C478000BCEFE /* Main.storyboard */; };
		0B2AC7241CB4C478000BCEFE /* Assets.xcassets in Resources */ = {isa = PBXBuildFile; fileRef = 0B2AC7231CB4C478000BCEFE /* Assets.xcassets */; };
		0B2AC7271CB4C478000BCEFE /* LaunchScreen.storyboard in Resources */ = {isa = PBXBuildFile; fileRef = 0B2AC7251CB4C478000BCEFE /* LaunchScreen.storyboard */; };
		0B2AC7321CB4C478000BCEFE /* projectTests.swift in Sources */ = {isa = PBXBuildFile; fileRef = 0B2AC7311CB4C478000BCEFE /* projectTests.swift */; };
		0B2AC73D1CB4C478000BCEFE /* projectUITests.swift in Sources */ = {isa = PBXBuildFile; fileRef = 0B2AC73C1CB4C478000BCEFE /* projectUITests.swift */; };
/* End PBXBuildFile section */

/* Begin PBXContainerItemProxy section */
		0B2AC72E1CB4C478000BCEFE /* PBXContainerItemProxy */ = {
			isa = PBXContainerItemProxy;
			containerPortal = 0B2AC7111CB4C478000BCEFE /* Project object */;
			proxyType = 1;
			remoteGlobalIDString = 0B2AC7181CB4C478000BCEFE;
			remoteInfo = project;
		};
		0B2AC7391CB4C478000BCEFE /* PBXContainerItemProxy */ = {
			isa = PBXContainerItemProxy;
			containerPortal = 0B2AC7111CB4C478000BCEFE /* Project object */;
			proxyType = 1;
			remoteGlobalIDString = 0B2AC7181CB4C478000BCEFE;
			remoteInfo = project;
		};
/* End PBXContainerItemProxy section */

/* Begin PBXFileReference section */
		0B2AC7191CB4C478000BCEFE /* project.app */ = {isa = PBXFileReference; explicitFileType = wrapper.application; includeInIndex = 0; path = project.app; sourceTree = BUILT_PRODUCTS_DIR; };
		0B2AC71C1CB4C478000BCEFE /* AppDelegate.swift */ = {isa = PBXFileReference; lastKnownFileType = sourcecode.swift; path = AppDelegate.swift; sourceTree = "<group>"; };
		0B2AC71E1CB4C478000BCEFE /* ViewController.swift */ = {isa = PBXFileReference; lastKnownFileType = sourcecode.swift; path = ViewController.swift; sourceTree = "<group>"; };
		0B2AC7211CB4C478000BCEFE /* Base */ = {isa = PBXFileReference; lastKnownFileType = file.storyboard; name = Base; path = Base.lproj/Main.storyboard; sourceTree = "<group>"; };
		0B2AC7231CB4C478000BCEFE /* Assets.xcassets */ = {isa = PBXFileReference; lastKnownFileType = folder.assetcatalog; path = Assets.xcassets; sourceTree = "<group>"; };
		0B2AC7261CB4C478000BCEFE /* Base */ = {isa = PBXFileReference; lastKnownFileType = file.storyboard; name = Base; path = Base.lproj/LaunchScreen.storyboard; sourceTree = "<group>"; };
		0B2AC7281CB4C478000BCEFE /* Info.plist */ = {isa = PBXFileReference; lastKnownFileType = text.plist.xml; path = Info.plist; sourceTree = "<group>"; };
		0B2AC72D1CB4C478000BCEFE /* projectTests.xctest */ = {isa = PBXFileReference; explicitFileType = wrapper.cfbundle; includeInIndex = 0; path = projectTests.xctest; sourceTree = BUILT_PRODUCTS_DIR; };
		0B2AC7311CB4C478000BCEFE /* projectTests.swift */ = {isa = PBXFileReference; lastKnownFileType = sourcecode.swift; path = projectTests.swift; sourceTree = "<group>"; };
		0B2AC7331CB4C478000BCEFE /* Info.plist */ = {isa = PBXFileReference; lastKnownFileType = text.plist.xml; path = Info.plist; sourceTree = "<group>"; };
		0B2AC7381CB4C478000BCEFE /* projectUITests.xctest */ = {isa = PBXFileReference; explicitFileType = wrapper.cfbundle; includeInIndex = 0; path = projectUITests.xctest; sourceTree = BUILT_PRODUCTS_DIR; };
		0B2AC73C1CB4C478000BCEFE /* projectUITests.swift */ = {isa = PBXFileReference; lastKnownFileType = sourcecode.swift; path = projectUITests.swift; sourceTree = "<group>"; };
		0B2AC73E1CB4C478000BCEFE /* Info.plist */ = {isa = PBXFileReference; lastKnownFileType = text.plist.xml; path = Info.plist; sourceTree = "<group>"; };
/* End PBXFileReference section */

/* Begin PBXFrameworksBuildPhase section */
		0B2AC7161CB4C478000BCEFE /* Frameworks */ = {
			isa = PBXFrameworksBuildPhase;
			buildActionMask = 2147483647;
			files = (
			);
			runOnlyForDeploymentPostprocessing = 0;
		};
		0B2AC72A1CB4C478000BCEFE /* Frameworks */ = {
			isa = PBXFrameworksBuildPhase;
			buildActionMask = 2147483647;
			files = (
			);
			runOnlyForDeploymentPostprocessing = 0;
		};
		0B2AC7351CB4C478000BCEFE /* Frameworks */ = {
			isa = PBXFrameworksBuildPhase;
			buildActionMask = 2147483647;
			files = (
			);
			runOnlyForDeploymentPostprocessing = 0;
		};
/* End PBXFrameworksBuildPhase section */

/* Begin PBXGroup section */
		0B2AC7101CB4C478000BCEFE = {
			isa = PBXGroup;
			children = (
				0B2AC71B1CB4C478000BCEFE /* project */,
				0B2AC7301CB4C478000BCEFE /* projectTests */,
				0B2AC73B1CB4C478000BCEFE /* projectUITests */,
				0B2AC71A1CB4C478000BCEFE /* Products */,
			);
			sourceTree = "<group>";
		};
		0B2AC71A1CB4C478000BCEFE /* Products */ = {
			isa = PBXGroup;
			children = (
				0B2AC7191CB4C478000BCEFE /* project.app */,
				0B2AC72D1CB4C478000BCEFE /* projectTests.xctest */,
				0B2AC7381CB4C478000BCEFE /* projectUITests.xctest */,
			);
			name = Products;
			sourceTree = "<group>";
		};
		0B2AC71B1CB4C478000BCEFE /* project */ = {
			isa = PBXGroup;
			children = (
				0B2AC71C1CB4C478000BCEFE /* AppDelegate.swift */,
				0B2AC71E1CB4C478000BCEFE /* ViewController.swift */,
				0B2AC7201CB4C478000BCEFE /* Main.storyboard */,
				0B2AC7231CB4C478000BCEFE /* Assets.xcassets */,
				0B2AC7251CB4C478000BCEFE /* LaunchScreen.storyboard */,
				0B2AC7281CB4C478000BCEFE /* Info.plist */,
			);
			path = project;
			sourceTree = "<group>";
		};
		0B2AC7301CB4C478000BCEFE /* projectTests */ = {
			isa = PBXGroup;
			children = (
				0B2AC7311CB4C478000BCEFE /* projectTests.swift */,
				0B2AC7331CB4C478000BCEFE /* Info.plist */,
			);
			path = projectTests;
			sourceTree = "<group>";
		};
		0B2AC73B1CB4C478000BCEFE /* projectUITests */ = {
			isa = PBXGroup;
			children = (
				0B2AC73C1CB4C478000BCEFE /* projectUITests.swift */,
				0B2AC73E1CB4C478000BCEFE /* Info.plist */,
			);
			path = projectUITests;
			sourceTree = "<group>";
		};
/* End PBXGroup section */

/* Begin PBXNativeTarget section */
		0B2AC7181CB4C478000BCEFE /* project */ = {
			isa = PBXNativeTarget;
			buildConfigurationList = 0B2AC7411CB4C478000BCEFE /* Build configuration list for PBXNativeTarget "project" */;
			buildPhases = (
				0B2AC7151CB4C478000BCEFE /* Sources */,
				0B2AC7161CB4C478000BCEFE /* Frameworks */,
				0B2AC7171CB4C478000BCEFE /* Resources */,
			);
			buildRules = (
			);
			dependencies = (
			);
			name = project;
			productName = project;
			productReference = 0B2AC7191CB4C478000BCEFE /* project.app */;
			productType = "com.apple.product-type.application";
		};
		0B2AC72C1CB4C478000BCEFE /* projectTests */ = {
			isa = PBXNativeTarget;
			buildConfigurationList = 0B2AC7441CB4C478000BCEFE /* Build configuration list for PBXNativeTarget "projectTests" */;
			buildPhases = (
				0B2AC7291CB4C478000BCEFE /* Sources */,
				0B2AC72A1CB4C478000BCEFE /* Frameworks */,
				0B2AC72B1CB4C478000BCEFE /* Resources */,
			);
			buildRules = (
			);
			dependencies = (
				0B2AC72F1CB4C478000BCEFE /* PBXTargetDependency */,
			);
			name = projectTests;
			productName = projectTests;
			productReference = 0B2AC72D1CB4C478000BCEFE /* projectTests.xctest */;
			productType = "com.apple.product-type.bundle.unit-test";
		};
		0B2AC7371CB4C478000BCEFE /* projectUITests */ = {
			isa = PBXNativeTarget;
			buildConfigurationList = 0B2AC7471CB4C478000BCEFE /* Build configuration list for PBXNativeTarget "projectUITests" */;
			buildPhases = (
				0B2AC7341CB4C478000BCEFE /* Sources */,
				0B2AC7351CB4C478000BCEFE /* Frameworks */,
				0B2AC7361CB4C478000BCEFE /* Resources */,
			);
			buildRules = (
			);
			dependencies = (
				0B2AC73A1CB4C478000BCEFE /* PBXTargetDependency */,
			);
			name = projectUITests;
			productName = projectUITests;
			productReference = 0B2AC7381CB4C478000BCEFE /* projectUITests.xctest */;
			productType = "com.apple.product-type.bundle.ui-testing";
		};
/* End PBXNativeTarget section */

/* Begin PBXProject section */
		0B2AC7111CB4C478000BCEFE /* Project object */ = {
			isa = PBXProject;
			attributes = {
				LastSwiftUpdateCheck = 0730;
				LastUpgradeCheck = 0730;
				ORGANIZATIONNAME = lrg;
				TargetAttributes = {
					0B2AC7181CB4C478000BCEFE = {
						CreatedOnToolsVersion = 7.3;
					};
					0B2AC72C1CB4C478000BCEFE = {
						CreatedOnToolsVersion = 7.3;
						TestTargetID = 0B2AC7181CB4C478000BCEFE;
					};
					0B2AC7371CB4C478000BCEFE = {
						CreatedOnToolsVersion = 7.3;
						TestTargetID = 0B2AC7181CB4C478000BCEFE;
					};
				};
			};
			buildConfigurationList = 0B2AC7141CB4C478000BCEFE /* Build configuration list for PBXProject "project" */;
			compatibilityVersion = "Xcode 3.2";
			developmentRegion = English;
			hasScannedForEncodings = 0;
			knownRegions = (
				en,
				Base,
			);
			mainGroup = 0B2AC7101CB4C478000BCEFE;
			productRefGroup = 0B2AC71A1CB4C478000BCEFE /* Products */;
			projectDirPath = "";
			projectRoot = "";
			targets = (
				0B2AC7181CB4C478000BCEFE /* project */,
				0B2AC72C1CB4C478000BCEFE /* projectTests */,
				0B2AC7371CB4C478000BCEFE /* projectUITests */,
			);
		};
/* End PBXProject section */

/* Begin PBXResourcesBuildPhase section */
		0B2AC7171CB4C478000BCEFE /* Resources */ = {
			isa = PBXResourcesBuildPhase;
			buildActionMask = 2147483647;
			files = (
				0B2AC7271CB4C478000BCEFE /* LaunchScreen.storyboard in Resources */,
				0B2AC7241CB4C478000BCEFE /* Assets.xcassets in Resources */,
				0B2AC7221CB4C478000BCEFE /* Main.storyboard in Resources */,
			);
			runOnlyForDeploymentPostprocessing = 0;
		};
		0B2AC72B1CB4C478000BCEFE /* Resources */ = {
			isa = PBXResourcesBuildPhase;
			buildActionMask = 2147483647;
			files = (
			);
			runOnlyForDeploymentPostprocessing = 0;
		};
		0B2AC7361CB4C478000BCEFE /* Resources */ = {
			isa = PBXResourcesBuildPhase;
			buildActionMask = 2147483647;
			files = (
			);
			runOnlyForDeploymentPostprocessing = 0;
		};
/* End PBXResourcesBuildPhase section */

/* Begin PBXSourcesBuildPhase section */
		0B2AC7151CB4C478000BCEFE /* Sources */ = {
			isa = PBXSourcesBuildPhase;
			buildActionMask = 2147483647;
			files = (
				0B2AC71F1CB4C478000BCEFE /* ViewController.swift in Sources */,
				0B2AC71D1CB4C478000BCEFE /* AppDelegate.swift in Sources */,
			);
			runOnlyForDeploymentPostprocessing = 0;
		};
		0B2AC7291CB4C478000BCEFE /* Sources */ = {
			isa = PBXSourcesBuildPhase;
			buildActionMask = 2147483647;
			files = (
				0B2AC7321CB4C478000BCEFE /* projectTests.swift in Sources */,
			);
			runOnlyForDeploymentPostprocessing = 0;
		};
		0B2AC7341CB4C478000BCEFE /* Sources */ = {
			isa = PBXSourcesBuildPhase;
			buildActionMask = 2147483647;
			files = (
				0B2AC73D1CB4C478000BCEFE /* projectUITests.swift in Sources */,
			);
			runOnlyForDeploymentPostprocessing = 0;
		};
/* End PBXSourcesBuildPhase section */

/* Begin PBXTargetDependency section */
		0B2AC72F1CB4C478000BCEFE /* PBXTargetDependency */ = {
			isa = PBXTargetDependency;
			target = 0B2AC7181CB4C478000BCEFE /* project */;
			targetProxy = 0B2AC72E1CB4C478000BCEFE /* PBXContainerItemProxy */;
		};
		0B2AC73A1CB4C478000BCEFE /* PBXTargetDependency */ = {
			isa = PBXTargetDependency;
			target = 0B2AC7181CB4C478000BCEFE /* project */;
			targetProxy = 0B2AC7391CB4C478000BCEFE /* PBXContainerItemProxy */;
		};
/* End PBXTargetDependency section */

/* Begin PBXVariantGroup section */
		0B2AC7201CB4C478000BCEFE /* Main.storyboard */ = {
			isa = PBXVariantGroup;
			children = (
				0B2AC7211CB4C478000BCEFE /* Base */,
			);
			name = Main.storyboard;
			sourceTree = "<group>";
		};
		0B2AC7251CB4C478000BCEFE /* LaunchScreen.storyboard */ = {
			isa = PBXVariantGroup;
			children = (
				0B2AC7261CB4C478000BCEFE /* Base */,
			);
			name = LaunchScreen.storyboard;
			sourceTree = "<group>";
		};
/* End PBXVariantGroup section */

/* Begin XCBuildConfiguration section */
		0B2AC73F1CB4C478000BCEFE /* Debug */ = {
			isa = XCBuildConfiguration;
			buildSettings = {
				ALWAYS_SEARCH_USER_PATHS = NO;
				CLANG_ANALYZER_NONNULL = YES;
				CLANG_CXX_LANGUAGE_STANDARD = "gnu++0x";
				CLANG_CXX_LIBRARY = "libc++";
				CLANG_ENABLE_MODULES = YES;
				CLANG_ENABLE_OBJC_ARC = YES;
				CLANG_WARN_BOOL_CONVERSION = YES;
				CLANG_WARN_CONSTANT_CONVERSION = YES;
				CLANG_WARN_DIRECT_OBJC_ISA_USAGE = YES_ERROR;
				CLANG_WARN_EMPTY_BODY = YES;
				CLANG_WARN_ENUM_CONVERSION = YES;
				CLANG_WARN_INT_CONVERSION = YES;
				CLANG_WARN_OBJC_ROOT_CLASS = YES_ERROR;
				CLANG_WARN_UNREACHABLE_CODE = YES;
				CLANG_WARN__DUPLICATE_METHOD_MATCH = YES;
				"CODE_SIGN_IDENTITY[sdk=iphoneos*]" = "iPhone Developer";
				COPY_PHASE_STRIP = NO;
				DEBUG_INFORMATION_FORMAT = dwarf;
				ENABLE_STRICT_OBJC_MSGSEND = YES;
				ENABLE_TESTABILITY = YES;
				GCC_C_LANGUAGE_STANDARD = gnu99;
				GCC_DYNAMIC_NO_PIC = NO;
				GCC_NO_COMMON_BLOCKS = YES;
				GCC_OPTIMIZATION_LEVEL = 0;
				GCC_PREPROCESSOR_DEFINITIONS = (
					"DEBUG=1",
					"$(inherited)",
				);
				GCC_WARN_64_TO_32_BIT_CONVERSION = YES;
				GCC_WARN_ABOUT_RETURN_TYPE = YES_ERROR;
				GCC_WARN_UNDECLARED_SELECTOR = YES;
				GCC_WARN_UNINITIALIZED_AUTOS = YES_AGGRESSIVE;
				GCC_WARN_UNUSED_FUNCTION = YES;
				GCC_WARN_UNUSED_VARIABLE = YES;
				IPHONEOS_DEPLOYMENT_TARGET = 9.3;
				MTL_ENABLE_DEBUG_INFO = YES;
				ONLY_ACTIVE_ARCH = YES;
				SDKROOT = iphoneos;
				SWIFT_OPTIMIZATION_LEVEL = "-Onone";
			};
			name = Debug;
		};
		0B2AC7401CB4C478000BCEFE /* Release */ = {
			isa = XCBuildConfiguration;
			buildSettings = {
				ALWAYS_SEARCH_USER_PATHS = NO;
				CLANG_ANALYZER_NONNULL = YES;
				CLANG_CXX_LANGUAGE_STANDARD = "gnu++0x";
				CLANG_CXX_LIBRARY = "libc++";
				CLANG_ENABLE_MODULES = YES;
				CLANG_ENABLE_OBJC_ARC = YES;
				CLANG_WARN_BOOL_CONVERSION = YES;
				CLANG_WARN_CONSTANT_CONVERSION = YES;
				CLANG_WARN_DIRECT_OBJC_ISA_USAGE = YES_ERROR;
				CLANG_WARN_EMPTY_BODY = YES;
				CLANG_WARN_ENUM_CONVERSION = YES;
				CLANG_WARN_INT_CONVERSION = YES;
				CLANG_WARN_OBJC_ROOT_CLASS = YES_ERROR;
				CLANG_WARN_UNREACHABLE_CODE = YES;
				CLANG_WARN__DUPLICATE_METHOD_MATCH = YES;
				"CODE_SIGN_IDENTITY[sdk=iphoneos*]" = "iPhone Developer";
				COPY_PHASE_STRIP = NO;
				DEBUG_INFORMATION_FORMAT = "dwarf-with-dsym";
				ENABLE_NS_ASSERTIONS = NO;
				ENABLE_STRICT_OBJC_MSGSEND = YES;
				GCC_C_LANGUAGE_STANDARD = gnu99;
				GCC_NO_COMMON_BLOCKS = YES;
				GCC_WARN_64_TO_32_BIT_CONVERSION = YES;
				GCC_WARN_ABOUT_RETURN_TYPE = YES_ERROR;
				GCC_WARN_UNDECLARED_SELECTOR = YES;
				GCC_WARN_UNINITIALIZED_AUTOS = YES_AGGRESSIVE;
				GCC_WARN_UNUSED_FUNCTION = YES;
				GCC_WARN_UNUSED_VARIABLE = YES;
				IPHONEOS_DEPLOYMENT_TARGET = 9.3;
				MTL_ENABLE_DEBUG_INFO = NO;
				SDKROOT = iphoneos;
				VALIDATE_PRODUCT = YES;
			};
			name = Release;
		};
		0B2AC7421CB4C478000BCEFE /* Debug */ = {
			isa = XCBuildConfiguration;
			buildSettings = {
				ASSETCATALOG_COMPILER_APPICON_NAME = AppIcon;
				INFOPLIST_FILE = project/Info.plist;
				LD_RUNPATH_SEARCH_PATHS = "$(inherited) @executable_path/Frameworks";
				PRODUCT_BUNDLE_IDENTIFIER = com.lrg.project;
				PRODUCT_NAME = "$(TARGET_NAME)";
			};
			name = Debug;
		};
		0B2AC7431CB4C478000BCEFE /* Release */ = {
			isa = XCBuildConfiguration;
			buildSettings = {
				ASSETCATALOG_COMPILER_APPICON_NAME = AppIcon;
				INFOPLIST_FILE = project/Info.plist;
				LD_RUNPATH_SEARCH_PATHS = "$(inherited) @executable_path/Frameworks";
				PRODUCT_BUNDLE_IDENTIFIER = com.lrg.project;
				PRODUCT_NAME = "$(TARGET_NAME)";
			};
			name = Release;
		};
		0B2AC7451CB4C478000BCEFE /* Debug */ = {
			isa = XCBuildConfiguration;
			buildSettings = {
				BUNDLE_LOADER = "$(TEST_HOST)";
				INFOPLIST_FILE = projectTests/Info.plist;
				LD_RUNPATH_SEARCH_PATHS = "$(inherited) @executable_path/Frameworks @loader_path/Frameworks";
				PRODUCT_BUNDLE_IDENTIFIER = com.lrg.projectTests;
				PRODUCT_NAME = "$(TARGET_NAME)";
				TEST_HOST = "$(BUILT_PRODUCTS_DIR)/project.app/project";
			};
			name = Debug;
		};
		0B2AC7461CB4C478000BCEFE /* Release */ = {
			isa = XCBuildConfiguration;
			buildSettings = {
				BUNDLE_LOADER = "$(TEST_HOST)";
				INFOPLIST_FILE = projectTests/Info.plist;
				LD_RUNPATH_SEARCH_PATHS = "$(inherited) @executable_path/Frameworks @loader_path/Frameworks";
				PRODUCT_BUNDLE_IDENTIFIER = com.lrg.projectTests;
				PRODUCT_NAME = "$(TARGET_NAME)";
				TEST_HOST = "$(BUILT_PRODUCTS_DIR)/project.app/project";
			};
			name = Release;
		};
		0B2AC7481CB4C478000BCEFE /* Debug */ = {
			isa = XCBuildConfiguration;
			buildSettings = {
				INFOPLIST_FILE = projectUITests/Info.plist;
				LD_RUNPATH_SEARCH_PATHS = "$(inherited) @executable_path/Frameworks @loader_path/Frameworks";
				PRODUCT_BUNDLE_IDENTIFIER = com.lrg.projectUITests;
				PRODUCT_NAME = "$(TARGET_NAME)";
				TEST_TARGET_NAME = project;
			};
			name = Debug;
		};
		0B2AC7491CB4C478000BCEFE /* Release */ = {
			isa = XCBuildConfiguration;
			buildSettings = {
				INFOPLIST_FILE = projectUITests/Info.plist;
				LD_RUNPATH_SEARCH_PATHS = "$(inherited) @executable_path/Frameworks @loader_path/Frameworks";
				PRODUCT_BUNDLE_IDENTIFIER = com.lrg.projectUITests;
				PRODUCT_NAME = "$(TARGET_NAME)";
				TEST_TARGET_NAME = project;
			};
			name = Release;
		};
/* End XCBuildConfiguration section */

/* Begin XCConfigurationList section */
		0B2AC7141CB4C478000BCEFE /* Build configuration list for PBXProject "project" */ = {
			isa = XCConfigurationList;
			buildConfigurations = (
				0B2AC73F1CB4C478000BCEFE /* Debug */,
				0B2AC7401CB4C478000BCEFE /* Release */,
			);
			defaultConfigurationIsVisible = 0;
			defaultConfigurationName = Release;
		};
		0B2AC7411CB4C478000BCEFE /* Build configuration list for PBXNativeTarget "project" */ = {
			isa = XCConfigurationList;
			buildConfigurations = (
				0B2AC7421CB4C478000BCEFE /* Debug */,
				0B2AC7431CB4C478000BCEFE /* Release */,
			);
			defaultConfigurationIsVisible = 0;
		};
		0B2AC7441CB4C478000BCEFE /* Build configuration list for PBXNativeTarget "projectTests" */ = {
			isa = XCConfigurationList;
			buildConfigurations = (
				0B2AC7451CB4C478000BCEFE /* Debug */,
				0B2AC7461CB4C478000BCEFE /* Release */,
			);
			defaultConfigurationIsVisible = 0;
		};
		0B2AC7471CB4C478000BCEFE /* Build configuration list for PBXNativeTarget "projectUITests" */ = {
			isa = XCConfigurationList;
			buildConfigurations = (
				0B2AC7481CB4C478000BCEFE /* Debug */,
				0B2AC7491CB4C478000BCEFE /* Release */,
			);
			defaultConfigurationIsVisible = 0;
		};
/* End XCConfigurationList section */
	};
	rootObject = 0B2AC7111CB4C478000BCEFE /* Project object */;
}
